# THIS IS AN AUTOGENERATED FILE. DO NOT EDIT THIS FILE DIRECTLY.
# yarn lockfile v1


"12g-cleandotenv@^1.0.1":
  version "1.0.1"
  resolved "https://registry.yarnpkg.com/12g-cleandotenv/-/12g-cleandotenv-1.0.1.tgz#1b42da4d914e996b366cf8ed6db603ae7f570c73"
  dependencies:
    envfile "^2.1.1"

"12g-dynamic-env-vars@^1.0.1":
  version "1.0.1"
  resolved "https://registry.yarnpkg.com/12g-dynamic-env-vars/-/12g-dynamic-env-vars-1.0.1.tgz#4ed8bed25df228c0bb47d240248938a76a119ba3"
  dependencies:
    "12g-cleandotenv" "^1.0.1"
    fs "^0.0.1-security"

ambi@^2.4.0:
  version "2.5.0"
  resolved "https://registry.yarnpkg.com/ambi/-/ambi-2.5.0.tgz#7c8e372be48891157e7cea01cb6f9143d1f74220"
  dependencies:
    editions "^1.1.1"
    typechecker "^4.3.0"

eachr@^3.1.0:
  version "3.2.0"
  resolved "https://registry.yarnpkg.com/eachr/-/eachr-3.2.0.tgz#2c35e43ea086516f7997cf80b7aa64d55a4a4484"
  dependencies:
    editions "^1.1.1"
    typechecker "^4.3.0"

editions@^1.1.1, editions@^1.3.3:
  version "1.3.3"
  resolved "https://registry.yarnpkg.com/editions/-/editions-1.3.3.tgz#0907101bdda20fac3cbe334c27cbd0688dc99a5b"

envfile@^2.1.1:
  version "2.1.1"
  resolved "https://registry.yarnpkg.com/envfile/-/envfile-2.1.1.tgz#8e5ae669c1f2459e5890959d9f8a1b1c05e68f9d"
  dependencies:
    ambi "^2.4.0"
    eachr "^3.1.0"
    editions "^1.1.1"
    typechecker "^4.0.1"

fs@^0.0.1-security:
  version "0.0.1-security"
  resolved "https://registry.yarnpkg.com/fs/-/fs-0.0.1-security.tgz#8a7bd37186b6dddf3813f23858b57ecaaf5e41d4"

inherits@2.0.1:
  version "2.0.1"
  resolved "https://registry.yarnpkg.com/inherits/-/inherits-2.0.1.tgz#b17d08d326b4423e568eff719f91b0b1cbdf69f1"

ipfunctions@~0.1.0:
  version "0.1.0"
  resolved "https://registry.yarnpkg.com/ipfunctions/-/ipfunctions-0.1.0.tgz#d7e4b36c51dafb257a39e6671a6d0ef0df880d06"

ipsort@^0.0.1:
  version "0.0.1"
  resolved "https://registry.yarnpkg.com/ipsort/-/ipsort-0.0.1.tgz#1d4d6fd384975105d55bb075009f2d6d5022a30d"
  dependencies:
    ipfunctions "~0.1.0"

typechecker@^4.0.1, typechecker@^4.3.0:
  version "4.4.1"
  resolved "https://registry.yarnpkg.com/typechecker/-/typechecker-4.4.1.tgz#f97b95f51b038417212d677d45a373ee7bced7e6"
  dependencies:
    editions "^1.3.3"

util@^0.10.3:
  version "0.10.3"
  resolved "https://registry.yarnpkg.com/util/-/util-0.10.3.tgz#7afb1afe50805246489e3db7fe0ed379336ac0f9"
  dependencies:
    inherits "2.0.1"
